
Microsoft Visual Studio Solution File, Format Version 12.00
Project("{FAE04EC0-301F-11D3-BF4B-00C04F79EFBC}") = "LoadSentinel", "LoadSentinel\LoadSentinel.csproj", "{474317C3-932E-40AC-A312-3DA351497CB6}"
EndProject
Global
	GlobalSection(SolutionConfigurationPlatforms) = preSolution
		Debug|Any CPU = Debug|Any CPU
		Release|Any CPU = Release|Any CPU
	EndGlobalSection
	GlobalSection(ProjectConfigurationPlatforms) = postSolution
		{474317C3-932E-40AC-A312-3DA351497CB6}.Debug|Any CPU.ActiveCfg = Debug|Any CPU
		{474317C3-932E-40AC-A312-3DA351497CB6}.Debug|Any CPU.Build.0 = Debug|Any CPU
		{474317C3-932E-40AC-A312-3DA351497CB6}.Release|Any CPU.ActiveCfg = Release|Any CPU
		{474317C3-932E-40AC-A312-3DA351497CB6}.Release|Any CPU.Build.0 = Release|Any CPU
	EndGlobalSection
EndGlobal
